
Microsoft Visual Studio Solution File, Format Version 12.00
# Visual Studio Version 17
VisualStudioVersion = 17.10.35027.167
MinimumVisualStudioVersion = 10.0.40219.1
Project("{FAE04EC0-301F-11D3-BF4B-00C04F79EFBC}") = "social-oc-api", "social-oc-api.csproj", "{88C27085-65BA-4D7D-A0A3-34F48A659730}"
EndProject
Global
	GlobalSection(SolutionConfigurationPlatforms) = preSolution
		Debug|Any CPU = Debug|Any CPU
		Release|Any CPU = Release|Any CPU
	EndGlobalSection
	GlobalSection(ProjectConfigurationPlatforms) = postSolution
		{88C27085-65BA-4D7D-A0A3-34F48A659730}.Debug|Any CPU.ActiveCfg = Debug|Any CPU
		{88C27085-65BA-4D7D-A0A3-34F48A659730}.Debug|Any CPU.Build.0 = Debug|Any CPU
		{88C27085-65BA-4D7D-A0A3-34F48A659730}.Release|Any CPU.ActiveCfg = Release|Any CPU
		{88C27085-65BA-4D7D-A0A3-34F48A659730}.Release|Any CPU.Build.0 = Release|Any CPU
	EndGlobalSection
	GlobalSection(SolutionProperties) = preSolution
		HideSolutionNode = FALSE
	EndGlobalSection
	GlobalSection(ExtensibilityGlobals) = postSolution
		SolutionGuid = {70219401-0F8F-4463-9A34-816BD667AA8B}
	EndGlobalSection
EndGlobal
